// !$*UTF8*$!
{
	archiveVersion = 1;
	classes = {
	};
	objectVersion = 48;
	objects = {

/* Begin PBXBuildFile section */
		2550A3852029ADA400106952 /* README.md in Resources */ = {isa = PBXBuildFile; fileRef = 2550A3842029ADA400106952 /* README.md */; };
		2550A3A62029B88B00106952 /* FriendCollectionViewCell.swift in Sources */ = {isa = PBXBuildFile; fileRef = 2550A3982029B88B00106952 /* FriendCollectionViewCell.swift */; };
		2571F0A82028374E0017AFEF /* AppDelegate.swift in Sources */ = {isa = PBXBuildFile; fileRef = 2571F0A72028374E0017AFEF /* AppDelegate.swift */; };
		2571F0AB202837580017AFEF /* ViewController.swift in Sources */ = {isa = PBXBuildFile; fileRef = 2571F0AA202837580017AFEF /* ViewController.swift */; };
		2571F0B1202837610017AFEF /* LaunchScreen.storyboard in Resources */ = {isa = PBXBuildFile; fileRef = 2571F0AD202837610017AFEF /* LaunchScreen.storyboard */; };
		2571F0B2202837610017AFEF /* Main.storyboard in Resources */ = {isa = PBXBuildFile; fileRef = 2571F0AF202837610017AFEF /* Main.storyboard */; };
		2571F0B7202837690017AFEF /* Assets.xcassets in Resources */ = {isa = PBXBuildFile; fileRef = 2571F0B5202837690017AFEF /* Assets.xcassets */; };
		2571F0B8202837690017AFEF /* Info.plist in Resources */ = {isa = PBXBuildFile; fileRef = 2571F0B6202837690017AFEF /* Info.plist */; };
		2571F0BB202839C70017AFEF /* AVFoundation.framework in Frameworks */ = {isa = PBXBuildFile; fileRef = 2571F0BA202839C70017AFEF /* AVFoundation.framework */; };
		2571F0C320283C890017AFEF /* Podfile in Resources */ = {isa = PBXBuildFile; fileRef = 2571F0C220283C890017AFEF /* Podfile */; };
		25E6FA7220284C3200F17FEB /* Keys.swift in Sources */ = {isa = PBXBuildFile; fileRef = 25E6FA7120284C3200F17FEB /* Keys.swift */; };
		EEE2C735AD952EF652D92BC5 /* Pods_MultiSense.framework in Frameworks */ = {isa = PBXBuildFile; fileRef = DFA86F8EF33B93DDB9A7C9D8 /* Pods_MultiSense.framework */; };
/* End PBXBuildFile section */

/* Begin PBXFileReference section */
		253FC337202834AB00A193F1 /* MultiSense.app */ = {isa = PBXFileReference; explicitFileType = wrapper.application; includeInIndex = 0; path = MultiSense.app; sourceTree = BUILT_PRODUCTS_DIR; };
		2550A3842029ADA400106952 /* README.md */ = {isa = PBXFileReference; fileEncoding = 4; lastKnownFileType = net.daringfireball.markdown; path = README.md; sourceTree = "<group>"; };
		2550A3982029B88B00106952 /* FriendCollectionViewCell.swift */ = {isa = PBXFileReference; fileEncoding = 4; lastKnownFileType = sourcecode.swift; path = FriendCollectionViewCell.swift; sourceTree = "<group>"; };
		2571F0A72028374E0017AFEF /* AppDelegate.swift */ = {isa = PBXFileReference; fileEncoding = 4; lastKnownFileType = sourcecode.swift; path = AppDelegate.swift; sourceTree = "<group>"; };
		2571F0AA202837580017AFEF /* ViewController.swift */ = {isa = PBXFileReference; fileEncoding = 4; lastKnownFileType = sourcecode.swift; path = ViewController.swift; sourceTree = "<group>"; };
		2571F0AE202837610017AFEF /* Base */ = {isa = PBXFileReference; lastKnownFileType = file.storyboard; name = Base; path = Base.lproj/LaunchScreen.storyboard; sourceTree = "<group>"; };
		2571F0B0202837610017AFEF /* Base */ = {isa = PBXFileReference; lastKnownFileType = file.storyboard; name = Base; path = Base.lproj/Main.storyboard; sourceTree = "<group>"; };
		2571F0B5202837690017AFEF /* Assets.xcassets */ = {isa = PBXFileReference; lastKnownFileType = folder.assetcatalog; path = Assets.xcassets; sourceTree = "<group>"; };
		2571F0B6202837690017AFEF /* Info.plist */ = {isa = PBXFileReference; fileEncoding = 4; lastKnownFileType = text.plist.xml; path = Info.plist; sourceTree = "<group>"; };
		2571F0BA202839C70017AFEF /* AVFoundation.framework */ = {isa = PBXFileReference; lastKnownFileType = wrapper.framework; name = AVFoundation.framework; path = System/Library/Frameworks/AVFoundation.framework; sourceTree = SDKROOT; };
		2571F0C220283C890017AFEF /* Podfile */ = {isa = PBXFileReference; fileEncoding = 4; lastKnownFileType = text; path = Podfile; sourceTree = "<group>"; xcLanguageSpecificationIdentifier = xcode.lang.ruby; };
		25E6FA7120284C3200F17FEB /* Keys.swift */ = {isa = PBXFileReference; fileEncoding = 4; lastKnownFileType = sourcecode.swift; path = Keys.swift; sourceTree = "<group>"; };
		2F6F4905BC35AED63E5C9EAA /* Pods-MultiSense.debug.xcconfig */ = {isa = PBXFileReference; includeInIndex = 1; lastKnownFileType = text.xcconfig; name = "Pods-MultiSense.debug.xcconfig"; path = "Pods/Target Support Files/Pods-MultiSense/Pods-MultiSense.debug.xcconfig"; sourceTree = "<group>"; };
		61416D3A39D886E3C7EE1A36 /* Pods-MultiSense.release.xcconfig */ = {isa = PBXFileReference; includeInIndex = 1; lastKnownFileType = text.xcconfig; name = "Pods-MultiSense.release.xcconfig"; path = "Pods/Target Support Files/Pods-MultiSense/Pods-MultiSense.release.xcconfig"; sourceTree = "<group>"; };
		DFA86F8EF33B93DDB9A7C9D8 /* Pods_MultiSense.framework */ = {isa = PBXFileReference; explicitFileType = wrapper.framework; includeInIndex = 0; path = Pods_MultiSense.framework; sourceTree = BUILT_PRODUCTS_DIR; };
/* End PBXFileReference section */

/* Begin PBXFrameworksBuildPhase section */
		253FC334202834AB00A193F1 /* Frameworks */ = {
			isa = PBXFrameworksBuildPhase;
			buildActionMask = 2147483647;
			files = (
				2571F0BB202839C70017AFEF /* AVFoundation.framework in Frameworks */,
				EEE2C735AD952EF652D92BC5 /* Pods_MultiSense.framework in Frameworks */,
			);
			runOnlyForDeploymentPostprocessing = 0;
		};
/* End PBXFrameworksBuildPhase section */

/* Begin PBXGroup section */
		253FC32E202834AB00A193F1 = {
			isa = PBXGroup;
			children = (
				2550A3842029ADA400106952 /* README.md */,
				2571F0C220283C890017AFEF /* Podfile */,
				253FC339202834AB00A193F1 /* MultiSense */,
				253FC338202834AB00A193F1 /* Products */,
				2571F0B9202839C70017AFEF /* Frameworks */,
				ABD183860AD009DE298E727F /* Pods */,
			);
			sourceTree = "<group>";
		};
		253FC338202834AB00A193F1 /* Products */ = {
			isa = PBXGroup;
			children = (
				253FC337202834AB00A193F1 /* MultiSense.app */,
			);
			name = Products;
			sourceTree = "<group>";
		};
		253FC339202834AB00A193F1 /* MultiSense */ = {
			isa = PBXGroup;
			children = (
				2550A3862029B88B00106952 /* ViewModal */,
				2571F0A62028374E0017AFEF /* AppDelegate */,
				2571F0A9202837580017AFEF /* ViewControllers */,
				25E6FA7020284C0500F17FEB /* Keys&Constants */,
				2571F0AC202837610017AFEF /* Storyboards */,
				2571F0B3202837690017AFEF /* SupportingFiles */,
			);
			path = MultiSense;
			sourceTree = "<group>";
		};
		2545BC11202847D900822E70 /* Friends */ = {
			isa = PBXGroup;
			children = (
			);
			path = Friends;
			sourceTree = "<group>";
		};
		2550A3862029B88B00106952 /* ViewModal */ = {
			isa = PBXGroup;
			children = (
				2550A3972029B88B00106952 /* FriendCell */,
			);
			path = ViewModal;
			sourceTree = "<group>";
		};
		2550A3972029B88B00106952 /* FriendCell */ = {
			isa = PBXGroup;
			children = (
				2550A3982029B88B00106952 /* FriendCollectionViewCell.swift */,
			);
			path = FriendCell;
			sourceTree = "<group>";
		};
		2571F0A62028374E0017AFEF /* AppDelegate */ = {
			isa = PBXGroup;
			children = (
				2571F0A72028374E0017AFEF /* AppDelegate.swift */,
			);
			path = AppDelegate;
			sourceTree = "<group>";
		};
		2571F0A9202837580017AFEF /* ViewControllers */ = {
			isa = PBXGroup;
			children = (
				2545BC11202847D900822E70 /* Friends */,
				2571F0AA202837580017AFEF /* ViewController.swift */,
			);
			path = ViewControllers;
			sourceTree = "<group>";
		};
		2571F0AC202837610017AFEF /* Storyboards */ = {
			isa = PBXGroup;
			children = (
				2571F0AD202837610017AFEF /* LaunchScreen.storyboard */,
				2571F0AF202837610017AFEF /* Main.storyboard */,
			);
			path = Storyboards;
			sourceTree = "<group>";
		};
		2571F0B3202837690017AFEF /* SupportingFiles */ = {
			isa = PBXGroup;
			children = (
				2571F0B4202837690017AFEF /* Assets */,
				2571F0B6202837690017AFEF /* Info.plist */,
			);
			path = SupportingFiles;
			sourceTree = "<group>";
		};
		2571F0B4202837690017AFEF /* Assets */ = {
			isa = PBXGroup;
			children = (
				2571F0B5202837690017AFEF /* Assets.xcassets */,
			);
			path = Assets;
			sourceTree = "<group>";
		};
		2571F0B9202839C70017AFEF /* Frameworks */ = {
			isa = PBXGroup;
			children = (
				2571F0BA202839C70017AFEF /* AVFoundation.framework */,
				DFA86F8EF33B93DDB9A7C9D8 /* Pods_MultiSense.framework */,
			);
			name = Frameworks;
			sourceTree = "<group>";
		};
		25E6FA7020284C0500F17FEB /* Keys&Constants */ = {
			isa = PBXGroup;
			children = (
				25E6FA7120284C3200F17FEB /* Keys.swift */,
			);
			path = "Keys&Constants";
			sourceTree = "<group>";
		};
		ABD183860AD009DE298E727F /* Pods */ = {
			isa = PBXGroup;
			children = (
				2F6F4905BC35AED63E5C9EAA /* Pods-MultiSense.debug.xcconfig */,
				61416D3A39D886E3C7EE1A36 /* Pods-MultiSense.release.xcconfig */,
			);
			name = Pods;
			sourceTree = "<group>";
		};
/* End PBXGroup section */

/* Begin PBXNativeTarget section */
		253FC336202834AB00A193F1 /* MultiSense */ = {
			isa = PBXNativeTarget;
			buildConfigurationList = 253FC349202834AB00A193F1 /* Build configuration list for PBXNativeTarget "MultiSense" */;
			buildPhases = (
				A9E592595CBED104822F3205 /* [CP] Check Pods Manifest.lock */,
				253FC333202834AB00A193F1 /* Sources */,
				253FC334202834AB00A193F1 /* Frameworks */,
				253FC335202834AB00A193F1 /* Resources */,
				2EBB0AF00CC5181EEAFA6599 /* [CP] Embed Pods Frameworks */,
				4BF68CC9CCFEE9FC99D45255 /* [CP] Copy Pods Resources */,
			);
			buildRules = (
			);
			dependencies = (
			);
			name = MultiSense;
			productName = MultiSense;
			productReference = 253FC337202834AB00A193F1 /* MultiSense.app */;
			productType = "com.apple.product-type.application";
		};
/* End PBXNativeTarget section */

/* Begin PBXProject section */
		253FC32F202834AB00A193F1 /* Project object */ = {
			isa = PBXProject;
			attributes = {
				LastSwiftUpdateCheck = 0920;
				LastUpgradeCheck = 0920;
				ORGANIZATIONNAME = ravisharma;
				TargetAttributes = {
					253FC336202834AB00A193F1 = {
						CreatedOnToolsVersion = 9.2;
						LastSwiftMigration = 0920;
						ProvisioningStyle = Automatic;
					};
				};
			};
			buildConfigurationList = 253FC332202834AB00A193F1 /* Build configuration list for PBXProject "MultiSense" */;
			compatibilityVersion = "Xcode 8.0";
			developmentRegion = en;
			hasScannedForEncodings = 0;
			knownRegions = (
				en,
				Base,
			);
			mainGroup = 253FC32E202834AB00A193F1;
			productRefGroup = 253FC338202834AB00A193F1 /* Products */;
			projectDirPath = "";
			projectRoot = "";
			targets = (
				253FC336202834AB00A193F1 /* MultiSense */,
			);
		};
/* End PBXProject section */

/* Begin PBXResourcesBuildPhase section */
		253FC335202834AB00A193F1 /* Resources */ = {
			isa = PBXResourcesBuildPhase;
			buildActionMask = 2147483647;
			files = (
				2550A3852029ADA400106952 /* README.md in Resources */,
				2571F0C320283C890017AFEF /* Podfile in Resources */,
				2571F0B2202837610017AFEF /* Main.storyboard in Resources */,
				2571F0B1202837610017AFEF /* LaunchScreen.storyboard in Resources */,
				2571F0B7202837690017AFEF /* Assets.xcassets in Resources */,
				2571F0B8202837690017AFEF /* Info.plist in Resources */,
			);
			runOnlyForDeploymentPostprocessing = 0;
		};
/* End PBXResourcesBuildPhase section */

/* Begin PBXShellScriptBuildPhase section */
		2EBB0AF00CC5181EEAFA6599 /* [CP] Embed Pods Frameworks */ = {
			isa = PBXShellScriptBuildPhase;
			buildActionMask = 2147483647;
			files = (
			);
			inputPaths = (
			);
			name = "[CP] Embed Pods Frameworks";
			outputPaths = (
			);
			runOnlyForDeploymentPostprocessing = 0;
			shellPath = /bin/sh;
			shellScript = "\"${SRCROOT}/Pods/Target Support Files/Pods-MultiSense/Pods-MultiSense-frameworks.sh\"\n";
			showEnvVarsInLog = 0;
		};
		4BF68CC9CCFEE9FC99D45255 /* [CP] Copy Pods Resources */ = {
			isa = PBXShellScriptBuildPhase;
			buildActionMask = 2147483647;
			files = (
			);
			inputPaths = (
			);
			name = "[CP] Copy Pods Resources";
			outputPaths = (
			);
			runOnlyForDeploymentPostprocessing = 0;
			shellPath = /bin/sh;
			shellScript = "\"${SRCROOT}/Pods/Target Support Files/Pods-MultiSense/Pods-MultiSense-resources.sh\"\n";
			showEnvVarsInLog = 0;
		};
		A9E592595CBED104822F3205 /* [CP] Check Pods Manifest.lock */ = {
			isa = PBXShellScriptBuildPhase;
			buildActionMask = 2147483647;
			files = (
			);
			inputPaths = (
			);
			name = "[CP] Check Pods Manifest.lock";
			outputPaths = (
			);
			runOnlyForDeploymentPostprocessing = 0;
			shellPath = /bin/sh;
			shellScript = "diff \"${PODS_PODFILE_DIR_PATH}/Podfile.lock\" \"${PODS_ROOT}/Manifest.lock\" > /dev/null\nif [ $? != 0 ] ; then\n    # print error to STDERR\n    echo \"error: The sandbox is not in sync with the Podfile.lock. Run 'pod install' or update your CocoaPods installation.\" >&2\n    exit 1\nfi\n";
			showEnvVarsInLog = 0;
		};
/* End PBXShellScriptBuildPhase section */

/* Begin PBXSourcesBuildPhase section */
		253FC333202834AB00A193F1 /* Sources */ = {
			isa = PBXSourcesBuildPhase;
			buildActionMask = 2147483647;
			files = (
				2571F0AB202837580017AFEF /* ViewController.swift in Sources */,
				25E6FA7220284C3200F17FEB /* Keys.swift in Sources */,
				2550A3A62029B88B00106952 /* FriendCollectionViewCell.swift in Sources */,
				2571F0A82028374E0017AFEF /* AppDelegate.swift in Sources */,
			);
			runOnlyForDeploymentPostprocessing = 0;
		};
/* End PBXSourcesBuildPhase section */

/* Begin PBXVariantGroup section */
		2571F0AD202837610017AFEF /* LaunchScreen.storyboard */ = {
			isa = PBXVariantGroup;
			children = (
				2571F0AE202837610017AFEF /* Base */,
			);
			name = LaunchScreen.storyboard;
			sourceTree = "<group>";
		};
		2571F0AF202837610017AFEF /* Main.storyboard */ = {
			isa = PBXVariantGroup;
			children = (
				2571F0B0202837610017AFEF /* Base */,
			);
			name = Main.storyboard;
			sourceTree = "<group>";
		};
/* End PBXVariantGroup section */

/* Begin XCBuildConfiguration section */
		253FC347202834AB00A193F1 /* Debug */ = {
			isa = XCBuildConfiguration;
			buildSettings = {
				ALWAYS_SEARCH_USER_PATHS = NO;
				CLANG_ANALYZER_NONNULL = YES;
				CLANG_ANALYZER_NUMBER_OBJECT_CONVERSION = YES_AGGRESSIVE;
				CLANG_CXX_LANGUAGE_STANDARD = "gnu++14";
				CLANG_CXX_LIBRARY = "libc++";
				CLANG_ENABLE_MODULES = YES;
				CLANG_ENABLE_OBJC_ARC = YES;
				CLANG_WARN_BLOCK_CAPTURE_AUTORELEASING = YES;
				CLANG_WARN_BOOL_CONVERSION = YES;
				CLANG_WARN_COMMA = YES;
				CLANG_WARN_CONSTANT_CONVERSION = YES;
				CLANG_WARN_DIRECT_OBJC_ISA_USAGE = YES_ERROR;
				CLANG_WARN_DOCUMENTATION_COMMENTS = YES;
				CLANG_WARN_EMPTY_BODY = YES;
				CLANG_WARN_ENUM_CONVERSION = YES;
				CLANG_WARN_INFINITE_RECURSION = YES;
				CLANG_WARN_INT_CONVERSION = YES;
				CLANG_WARN_NON_LITERAL_NULL_CONVERSION = YES;
				CLANG_WARN_OBJC_LITERAL_CONVERSION = YES;
				CLANG_WARN_OBJC_ROOT_CLASS = YES_ERROR;
				CLANG_WARN_RANGE_LOOP_ANALYSIS = YES;
				CLANG_WARN_STRICT_PROTOTYPES = YES;
				CLANG_WARN_SUSPICIOUS_MOVE = YES;
				CLANG_WARN_UNGUARDED_AVAILABILITY = YES_AGGRESSIVE;
				CLANG_WARN_UNREACHABLE_CODE = YES;
				CLANG_WARN__DUPLICATE_METHOD_MATCH = YES;
				CODE_SIGN_IDENTITY = "iPhone Developer";
				COPY_PHASE_STRIP = NO;
				DEBUG_INFORMATION_FORMAT = dwarf;
				ENABLE_STRICT_OBJC_MSGSEND = YES;
				ENABLE_TESTABILITY = YES;
				GCC_C_LANGUAGE_STANDARD = gnu11;
				GCC_DYNAMIC_NO_PIC = NO;
				GCC_NO_COMMON_BLOCKS = YES;
				GCC_OPTIMIZATION_LEVEL = 0;
				GCC_PREPROCESSOR_DEFINITIONS = (
					"DEBUG=1",
					"$(inherited)",
				);
				GCC_WARN_64_TO_32_BIT_CONVERSION = YES;
				GCC_WARN_ABOUT_RETURN_TYPE = YES_ERROR;
				GCC_WARN_UNDECLARED_SELECTOR = YES;
				GCC_WARN_UNINITIALIZED_AUTOS = YES_AGGRESSIVE;
				GCC_WARN_UNUSED_FUNCTION = YES;
				GCC_WARN_UNUSED_VARIABLE = YES;
				IPHONEOS_DEPLOYMENT_TARGET = 11.2;
				MTL_ENABLE_DEBUG_INFO = YES;
				ONLY_ACTIVE_ARCH = YES;
				SDKROOT = iphoneos;
				SWIFT_ACTIVE_COMPILATION_CONDITIONS = DEBUG;
				SWIFT_OPTIMIZATION_LEVEL = "-Onone";
			};
			name = Debug;
		};
		253FC348202834AB00A193F1 /* Release */ = {
			isa = XCBuildConfiguration;
			buildSettings = {
				ALWAYS_SEARCH_USER_PATHS = NO;
				CLANG_ANALYZER_NONNULL = YES;
				CLANG_ANALYZER_NUMBER_OBJECT_CONVERSION = YES_AGGRESSIVE;
				CLANG_CXX_LANGUAGE_STANDARD = "gnu++14";
				CLANG_CXX_LIBRARY = "libc++";
				CLANG_ENABLE_MODULES = YES;
				CLANG_ENABLE_OBJC_ARC = YES;
				CLANG_WARN_BLOCK_CAPTURE_AUTORELEASING = YES;
				CLANG_WARN_BOOL_CONVERSION = YES;
				CLANG_WARN_COMMA = YES;
				CLANG_WARN_CONSTANT_CONVERSION = YES;
				CLANG_WARN_DIRECT_OBJC_ISA_USAGE = YES_ERROR;
				CLANG_WARN_DOCUMENTATION_COMMENTS = YES;
				CLANG_WARN_EMPTY_BODY = YES;
				CLANG_WARN_ENUM_CONVERSION = YES;
				CLANG_WARN_INFINITE_RECURSION = YES;
				CLANG_WARN_INT_CONVERSION = YES;
				CLANG_WARN_NON_LITERAL_NULL_CONVERSION = YES;
				CLANG_WARN_OBJC_LITERAL_CONVERSION = YES;
				CLANG_WARN_OBJC_ROOT_CLASS = YES_ERROR;
				CLANG_WARN_RANGE_LOOP_ANALYSIS = YES;
				CLANG_WARN_STRICT_PROTOTYPES = YES;
				CLANG_WARN_SUSPICIOUS_MOVE = YES;
				CLANG_WARN_UNGUARDED_AVAILABILITY = YES_AGGRESSIVE;
				CLANG_WARN_UNREACHABLE_CODE = YES;
				CLANG_WARN__DUPLICATE_METHOD_MATCH = YES;
				CODE_SIGN_IDENTITY = "iPhone Developer";
				COPY_PHASE_STRIP = NO;
				DEBUG_INFORMATION_FORMAT = "dwarf-with-dsym";
				ENABLE_NS_ASSERTIONS = NO;
				ENABLE_STRICT_OBJC_MSGSEND = YES;
				GCC_C_LANGUAGE_STANDARD = gnu11;
				GCC_NO_COMMON_BLOCKS = YES;
				GCC_WARN_64_TO_32_BIT_CONVERSION = YES;
				GCC_WARN_ABOUT_RETURN_TYPE = YES_ERROR;
				GCC_WARN_UNDECLARED_SELECTOR = YES;
				GCC_WARN_UNINITIALIZED_AUTOS = YES_AGGRESSIVE;
				GCC_WARN_UNUSED_FUNCTION = YES;
				GCC_WARN_UNUSED_VARIABLE = YES;
				IPHONEOS_DEPLOYMENT_TARGET = 11.2;
				MTL_ENABLE_DEBUG_INFO = NO;
				SDKROOT = iphoneos;
				SWIFT_OPTIMIZATION_LEVEL = "-Owholemodule";
				VALIDATE_PRODUCT = YES;
			};
			name = Release;
		};
		253FC34A202834AB00A193F1 /* Debug */ = {
			isa = XCBuildConfiguration;
			baseConfigurationReference = 2F6F4905BC35AED63E5C9EAA /* Pods-MultiSense.debug.xcconfig */;
			buildSettings = {
				ASSETCATALOG_COMPILER_APPICON_NAME = AppIcon;
				CLANG_ENABLE_MODULES = YES;
				"CODE_SIGN_IDENTITY[sdk=iphoneos*]" = "iPhone Developer";
				CODE_SIGN_STYLE = Automatic;
				DEVELOPMENT_TEAM = 3ASZNTFCL2;
				FRAMEWORK_SEARCH_PATHS = (
					"$(inherited)",
					"$(PROJECT_DIR)",
				);
				INFOPLIST_FILE = "$(SRCROOT)/MultiSense/SupportingFiles/Info.plist";
				IPHONEOS_DEPLOYMENT_TARGET = 11.0;
				LD_RUNPATH_SEARCH_PATHS = "$(inherited) @executable_path/Frameworks";
				PRODUCT_BUNDLE_IDENTIFIER = com.ravi.MultiSense;
				PRODUCT_NAME = "$(TARGET_NAME)";
				PROVISIONING_PROFILE_SPECIFIER = "";
				SWIFT_OPTIMIZATION_LEVEL = "-Onone";
				SWIFT_VERSION = 4.0;
				TARGETED_DEVICE_FAMILY = "1,2";
			};
			name = Debug;
		};
		253FC34B202834AB00A193F1 /* Release */ = {
			isa = XCBuildConfiguration;
			baseConfigurationReference = 61416D3A39D886E3C7EE1A36 /* Pods-MultiSense.release.xcconfig */;
			buildSettings = {
				ASSETCATALOG_COMPILER_APPICON_NAME = AppIcon;
				CLANG_ENABLE_MODULES = YES;
				"CODE_SIGN_IDENTITY[sdk=iphoneos*]" = "iPhone Developer";
				CODE_SIGN_STYLE = Automatic;
				DEVELOPMENT_TEAM = 3ASZNTFCL2;
				FRAMEWORK_SEARCH_PATHS = (
					"$(inherited)",
					"$(PROJECT_DIR)",
				);
				INFOPLIST_FILE = "$(SRCROOT)/MultiSense/SupportingFiles/Info.plist";
				IPHONEOS_DEPLOYMENT_TARGET = 11.0;
				LD_RUNPATH_SEARCH_PATHS = "$(inherited) @executable_path/Frameworks";
				PRODUCT_BUNDLE_IDENTIFIER = com.ravi.MultiSense;
				PRODUCT_NAME = "$(TARGET_NAME)";
				PROVISIONING_PROFILE_SPECIFIER = "";
				SWIFT_VERSION = 4.0;
				TARGETED_DEVICE_FAMILY = "1,2";
			};
			name = Release;
		};
/* End XCBuildConfiguration section */

/* Begin XCConfigurationList section */
		253FC332202834AB00A193F1 /* Build configuration list for PBXProject "MultiSense" */ = {
			isa = XCConfigurationList;
			buildConfigurations = (
				253FC347202834AB00A193F1 /* Debug */,
				253FC348202834AB00A193F1 /* Release */,
			);
			defaultConfigurationIsVisible = 0;
			defaultConfigurationName = Release;
		};
		253FC349202834AB00A193F1 /* Build configuration list for PBXNativeTarget "MultiSense" */ = {
			isa = XCConfigurationList;
			buildConfigurations = (
				253FC34A202834AB00A193F1 /* Debug */,
				253FC34B202834AB00A193F1 /* Release */,
			);
			defaultConfigurationIsVisible = 0;
			defaultConfigurationName = Release;
		};
/* End XCConfigurationList section */
	};
	rootObject = 253FC32F202834AB00A193F1 /* Project object */;
}
